<?xml version="1.0" encoding="utf-8"?>
<Project ToolsVersion="4.0" xmlns="http://schemas.microsoft.com/developer/msbuild/2003">
  <ItemGroup>
    <Filter Include="Source Files">
      <UniqueIdentifier>{4FC737F1-C7A5-4376-A066-2A32D752A2FF}</UniqueIdentifier>
      <Extensions>cpp;c;cc;cxx;c++;cppm;ixx;def;odl;idl;hpj;bat;asm;asmx</Extensions>
    </Filter>
    <Filter Include="Header Files">
      <UniqueIdentifier>{93995380-89BD-4b04-88EB-625FBE52EBFB}</UniqueIdentifier>
      <Extensions>h;hh;hpp;hxx;h++;hm;inl;inc;ipp;xsd</Extensions>
    </Filter>
    <Filter Include="Resource Files">
      <UniqueIdentifier>{67DA6AB6-F800-4c08-8B7A-83BB121AAD01}</UniqueIdentifier>
      <Extensions>rc;ico;cur;bmp;dlg;rc2;rct;bin;rgs;gif;jpg;jpeg;jpe;resx;tiff;tif;png;wav;mfcribbon-ms</Extensions>
    </Filter>
    <Filter Include="Source Files\Operators">
      <UniqueIdentifier>{86b133a1-a727-4f11-af27-e72bbd84b5f7}</UniqueIdentifier>
    </Filter>
  </ItemGroup>
  <ItemGroup>
    <ClCompile Include="main.cpp">
      <Filter>Source Files</Filter>
    </ClCompile>
    <ClCompile Include="src\console_writer.cpp">
      <Filter>Source Files\Operators</Filter>
    </ClCompile>
    <ClCompile Include="src\file_manager.cpp">
      <Filter>Source Files\Operators</Filter>
    </ClCompile>
    <ClCompile Include="src\hash_manager.cpp">
      <Filter>Source Files\Operators</Filter>
    </ClCompile>
    <ClCompile Include="src\math_operator.cpp">
      <Filter>Source Files</Filter>
    </ClCompile>
    <ClCompile Include="include\validator.h">
      <Filter>Source Files</Filter>
    </ClCompile>
    <ClCompile Include="src\app.cpp">
      <Filter>Source Files</Filter>
    </ClCompile>
    <ClCompile Include="src\validator.cpp">
      <Filter>Source Files</Filter>
    </ClCompile>
  </ItemGroup>
  <ItemGroup>
    <ClInclude Include="include\console_writer.h">
      <Filter>Header Files</Filter>
    </ClInclude>
    <ClInclude Include="include\file_manager.h">
      <Filter>Header Files</Filter>
    </ClInclude>
    <ClInclude Include="include\hash_manager.h">
      <Filter>Header Files</Filter>
    </ClInclude>
    <ClInclude Include="include\helper\message_constants.h">
      <Filter>Header Files</Filter>
    </ClInclude>
    <ClInclude Include="include\helper\size_constants.h">
      <Filter>Header Files</Filter>
    </ClInclude>
    <ClInclude Include="include\helper\components.h">
      <Filter>Header Files</Filter>
    </ClInclude>
    <ClInclude Include="include\math_operator.h">
      <Filter>Header Files</Filter>
    </ClInclude>
    <ClInclude Include="include\helper\hex_constants.h">
      <Filter>Header Files</Filter>
    </ClInclude>
    <ClInclude Include="include\app.h">
      <Filter>Header Files</Filter>
    </ClInclude>
  </ItemGroup>
  <ItemGroup>
    <Xsd Include="readable.txt">
      <Filter>Header Files</Filter>
    </Xsd>
  </ItemGroup>
  <ItemGroup>
    <Text Include="writable.txt" />
  </ItemGroup>
</Project>